
Microsoft Visual Studio Solution File, Format Version 12.00
# Visual Studio 14
VisualStudioVersion = 14.0.22512.0
MinimumVisualStudioVersion = 10.0.40219.1
Project("{2150E333-8FDC-42A3-9474-1A3956D46DE8}") = "Sample", "Sample", "{3A62D1EE-714A-4EC1-99F6-5CE7F50D48A3}"
EndProject
Project("{FAE04EC0-301F-11D3-BF4B-00C04F79EFBC}") = "SampleAnimations", "SampleAnimations\SampleAnimations\SampleAnimations.csproj", "{107D6A6F-28CE-401F-B45E-23EA8CE298AE}"
EndProject
Project("{FAE04EC0-301F-11D3-BF4B-00C04F79EFBC}") = "SampleAnimations.iOS", "SampleAnimations\SampleAnimations.iOS\SampleAnimations.iOS.csproj", "{E53FD628-1D82-4D79-B8C6-7E711DCC614F}"
EndProject
Project("{FAE04EC0-301F-11D3-BF4B-00C04F79EFBC}") = "SampleAnimations.Droid", "SampleAnimations\SampleAnimations.Droid\SampleAnimations.Droid.csproj", "{95CF3B47-EA09-4CD0-A6AF-1B6C578EF83E}"
EndProject
Project("{FAE04EC0-301F-11D3-BF4B-00C04F79EFBC}") = "SampleAnimations.WinPhone", "SampleAnimations\SampleAnimations.WinPhone\SampleAnimations.WinPhone.csproj", "{93F6C38C-BAEA-4E59-B6DF-3F03E81AEC7D}"
EndProject
Project("{FAE04EC0-301F-11D3-BF4B-00C04F79EFBC}") = "Brain.Animation", "Brain.Animation\Brain.Animation.csproj", "{3DBDA9BF-E8D8-49DB-ADC7-14B7214DD482}"
EndProject
Global
	GlobalSection(SolutionConfigurationPlatforms) = preSolution
		Ad-Hoc|Any CPU = Ad-Hoc|Any CPU
		Ad-Hoc|ARM = Ad-Hoc|ARM
		Ad-Hoc|iPhone = Ad-Hoc|iPhone
		Ad-Hoc|iPhoneSimulator = Ad-Hoc|iPhoneSimulator
		Ad-Hoc|x86 = Ad-Hoc|x86
		AppStore|Any CPU = AppStore|Any CPU
		AppStore|ARM = AppStore|ARM
		AppStore|iPhone = AppStore|iPhone
		AppStore|iPhoneSimulator = AppStore|iPhoneSimulator
		AppStore|x86 = AppStore|x86
		Debug|Any CPU = Debug|Any CPU
		Debug|ARM = Debug|ARM
		Debug|iPhone = Debug|iPhone
		Debug|iPhoneSimulator = Debug|iPhoneSimulator
		Debug|x86 = Debug|x86
		Release|Any CPU = Release|Any CPU
		Release|ARM = Release|ARM
		Release|iPhone = Release|iPhone
		Release|iPhoneSimulator = Release|iPhoneSimulator
		Release|x86 = Release|x86
	EndGlobalSection
	GlobalSection(ProjectConfigurationPlatforms) = postSolution
		{107D6A6F-28CE-401F-B45E-23EA8CE298AE}.Ad-Hoc|Any CPU.ActiveCfg = Release|Any CPU
		{107D6A6F-28CE-401F-B45E-23EA8CE298AE}.Ad-Hoc|Any CPU.Build.0 = Release|Any CPU
		{107D6A6F-28CE-401F-B45E-23EA8CE298AE}.Ad-Hoc|ARM.ActiveCfg = Release|Any CPU
		{107D6A6F-28CE-401F-B45E-23EA8CE298AE}.Ad-Hoc|ARM.Build.0 = Release|Any CPU
		{107D6A6F-28CE-401F-B45E-23EA8CE298AE}.Ad-Hoc|iPhone.ActiveCfg = Release|Any CPU
		{107D6A6F-28CE-401F-B45E-23EA8CE298AE}.Ad-Hoc|iPhone.Build.0 = Release|Any CPU
		{107D6A6F-28CE-401F-B45E-23EA8CE298AE}.Ad-Hoc|iPhoneSimulator.ActiveCfg = Release|Any CPU
		{107D6A6F-28CE-401F-B45E-23EA8CE298AE}.Ad-Hoc|iPhoneSimulator.Build.0 = Release|Any CPU
		{107D6A6F-28CE-401F-B45E-23EA8CE298AE}.Ad-Hoc|x86.ActiveCfg = Release|Any CPU
		{107D6A6F-28CE-401F-B45E-23EA8CE298AE}.Ad-Hoc|x86.Build.0 = Release|Any CPU
		{107D6A6F-28CE-401F-B45E-23EA8CE298AE}.AppStore|Any CPU.ActiveCfg = Release|Any CPU
		{107D6A6F-28CE-401F-B45E-23EA8CE298AE}.AppStore|Any CPU.Build.0 = Release|Any CPU
		{107D6A6F-28CE-401F-B45E-23EA8CE298AE}.AppStore|ARM.ActiveCfg = Release|Any CPU
		{107D6A6F-28CE-401F-B45E-23EA8CE298AE}.AppStore|ARM.Build.0 = Release|Any CPU
		{107D6A6F-28CE-401F-B45E-23EA8CE298AE}.AppStore|iPhone.ActiveCfg = Release|Any CPU
		{107D6A6F-28CE-401F-B45E-23EA8CE298AE}.AppStore|iPhone.Build.0 = Release|Any CPU
		{107D6A6F-28CE-401F-B45E-23EA8CE298AE}.AppStore|iPhoneSimulator.ActiveCfg = Release|Any CPU
		{107D6A6F-28CE-401F-B45E-23EA8CE298AE}.AppStore|iPhoneSimulator.Build.0 = Release|Any CPU
		{107D6A6F-28CE-401F-B45E-23EA8CE298AE}.AppStore|x86.ActiveCfg = Release|Any CPU
		{107D6A6F-28CE-401F-B45E-23EA8CE298AE}.AppStore|x86.Build.0 = Release|Any CPU
		{107D6A6F-28CE-401F-B45E-23EA8CE298AE}.Debug|Any CPU.ActiveCfg = Debug|Any CPU
		{107D6A6F-28CE-401F-B45E-23EA8CE298AE}.Debug|Any CPU.Build.0 = Debug|Any CPU
		{107D6A6F-28CE-401F-B45E-23EA8CE298AE}.Debug|ARM.ActiveCfg = Debug|Any CPU
		{107D6A6F-28CE-401F-B45E-23EA8CE298AE}.Debug|ARM.Build.0 = Debug|Any CPU
		{107D6A6F-28CE-401F-B45E-23EA8CE298AE}.Debug|iPhone.ActiveCfg = Debug|Any CPU
		{107D6A6F-28CE-401F-B45E-23EA8CE298AE}.Debug|iPhone.Build.0 = Debug|Any CPU
		{107D6A6F-28CE-401F-B45E-23EA8CE298AE}.Debug|iPhoneSimulator.ActiveCfg = Debug|Any CPU
		{107D6A6F-28CE-401F-B45E-23EA8CE298AE}.Debug|iPhoneSimulator.Build.0 = Debug|Any CPU
		{107D6A6F-28CE-401F-B45E-23EA8CE298AE}.Debug|x86.ActiveCfg = Debug|Any CPU
		{107D6A6F-28CE-401F-B45E-23EA8CE298AE}.Debug|x86.Build.0 = Debug|Any CPU
		{107D6A6F-28CE-401F-B45E-23EA8CE298AE}.Release|Any CPU.ActiveCfg = Release|Any CPU
		{107D6A6F-28CE-401F-B45E-23EA8CE298AE}.Release|Any CPU.Build.0 = Release|Any CPU
		{107D6A6F-28CE-401F-B45E-23EA8CE298AE}.Release|ARM.ActiveCfg = Release|Any CPU
		{107D6A6F-28CE-401F-B45E-23EA8CE298AE}.Release|ARM.Build.0 = Release|Any CPU
		{107D6A6F-28CE-401F-B45E-23EA8CE298AE}.Release|iPhone.ActiveCfg = Release|Any CPU
		{107D6A6F-28CE-401F-B45E-23EA8CE298AE}.Release|iPhone.Build.0 = Release|Any CPU
		{107D6A6F-28CE-401F-B45E-23EA8CE298AE}.Release|iPhoneSimulator.ActiveCfg = Release|Any CPU
		{107D6A6F-28CE-401F-B45E-23EA8CE298AE}.Release|iPhoneSimulator.Build.0 = Release|Any CPU
		{107D6A6F-28CE-401F-B45E-23EA8CE298AE}.Release|x86.ActiveCfg = Release|Any CPU
		{107D6A6F-28CE-401F-B45E-23EA8CE298AE}.Release|x86.Build.0 = Release|Any CPU
		{E53FD628-1D82-4D79-B8C6-7E711DCC614F}.Ad-Hoc|Any CPU.ActiveCfg = Ad-Hoc|iPhone
		{E53FD628-1D82-4D79-B8C6-7E711DCC614F}.Ad-Hoc|ARM.ActiveCfg = Ad-Hoc|iPhone
		{E53FD628-1D82-4D79-B8C6-7E711DCC614F}.Ad-Hoc|iPhone.ActiveCfg = Ad-Hoc|iPhone
		{E53FD628-1D82-4D79-B8C6-7E711DCC614F}.Ad-Hoc|iPhone.Build.0 = Ad-Hoc|iPhone
		{E53FD628-1D82-4D79-B8C6-7E711DCC614F}.Ad-Hoc|iPhoneSimulator.ActiveCfg = Ad-Hoc|iPhoneSimulator
		{E53FD628-1D82-4D79-B8C6-7E711DCC614F}.Ad-Hoc|iPhoneSimulator.Build.0 = Ad-Hoc|iPhoneSimulator
		{E53FD628-1D82-4D79-B8C6-7E711DCC614F}.Ad-Hoc|x86.ActiveCfg = Ad-Hoc|iPhone
		{E53FD628-1D82-4D79-B8C6-7E711DCC614F}.AppStore|Any CPU.ActiveCfg = AppStore|iPhone
		{E53FD628-1D82-4D79-B8C6-7E711DCC614F}.AppStore|ARM.ActiveCfg = AppStore|iPhone
		{E53FD628-1D82-4D79-B8C6-7E711DCC614F}.AppStore|iPhone.ActiveCfg = AppStore|iPhone
		{E53FD628-1D82-4D79-B8C6-7E711DCC614F}.AppStore|iPhone.Build.0 = AppStore|iPhone
		{E53FD628-1D82-4D79-B8C6-7E711DCC614F}.AppStore|iPhoneSimulator.ActiveCfg = AppStore|iPhoneSimulator
		{E53FD628-1D82-4D79-B8C6-7E711DCC614F}.AppStore|iPhoneSimulator.Build.0 = AppStore|iPhoneSimulator
		{E53FD628-1D82-4D79-B8C6-7E711DCC614F}.AppStore|x86.ActiveCfg = AppStore|iPhone
		{E53FD628-1D82-4D79-B8C6-7E711DCC614F}.Debug|Any CPU.ActiveCfg = Debug|iPhone
		{E53FD628-1D82-4D79-B8C6-7E711DCC614F}.Debug|ARM.ActiveCfg = Debug|iPhone
		{E53FD628-1D82-4D79-B8C6-7E711DCC614F}.Debug|iPhone.ActiveCfg = Debug|iPhone
		{E53FD628-1D82-4D79-B8C6-7E711DCC614F}.Debug|iPhone.Build.0 = Debug|iPhone
		{E53FD628-1D82-4D79-B8C6-7E711DCC614F}.Debug|iPhoneSimulator.ActiveCfg = Debug|iPhoneSimulator
		{E53FD628-1D82-4D79-B8C6-7E711DCC614F}.Debug|iPhoneSimulator.Build.0 = Debug|iPhoneSimulator
		{E53FD628-1D82-4D79-B8C6-7E711DCC614F}.Debug|x86.ActiveCfg = Debug|iPhone
		{E53FD628-1D82-4D79-B8C6-7E711DCC614F}.Release|Any CPU.ActiveCfg = Release|iPhone
		{E53FD628-1D82-4D79-B8C6-7E711DCC614F}.Release|ARM.ActiveCfg = Release|iPhone
		{E53FD628-1D82-4D79-B8C6-7E711DCC614F}.Release|iPhone.ActiveCfg = Release|iPhone
		{E53FD628-1D82-4D79-B8C6-7E711DCC614F}.Release|iPhone.Build.0 = Release|iPhone
		{E53FD628-1D82-4D79-B8C6-7E711DCC614F}.Release|iPhoneSimulator.ActiveCfg = Release|iPhoneSimulator
		{E53FD628-1D82-4D79-B8C6-7E711DCC614F}.Release|iPhoneSimulator.Build.0 = Release|iPhoneSimulator
		{E53FD628-1D82-4D79-B8C6-7E711DCC614F}.Release|x86.ActiveCfg = Release|iPhone
		{95CF3B47-EA09-4CD0-A6AF-1B6C578EF83E}.Ad-Hoc|Any CPU.ActiveCfg = Release|Any CPU
		{95CF3B47-EA09-4CD0-A6AF-1B6C578EF83E}.Ad-Hoc|Any CPU.Build.0 = Release|Any CPU
		{95CF3B47-EA09-4CD0-A6AF-1B6C578EF83E}.Ad-Hoc|Any CPU.Deploy.0 = Release|Any CPU
		{95CF3B47-EA09-4CD0-A6AF-1B6C578EF83E}.Ad-Hoc|ARM.ActiveCfg = Release|Any CPU
		{95CF3B47-EA09-4CD0-A6AF-1B6C578EF83E}.Ad-Hoc|ARM.Build.0 = Release|Any CPU
		{95CF3B47-EA09-4CD0-A6AF-1B6C578EF83E}.Ad-Hoc|ARM.Deploy.0 = Release|Any CPU
		{95CF3B47-EA09-4CD0-A6AF-1B6C578EF83E}.Ad-Hoc|iPhone.ActiveCfg = Release|Any CPU
		{95CF3B47-EA09-4CD0-A6AF-1B6C578EF83E}.Ad-Hoc|iPhone.Build.0 = Release|Any CPU
		{95CF3B47-EA09-4CD0-A6AF-1B6C578EF83E}.Ad-Hoc|iPhone.Deploy.0 = Release|Any CPU
		{95CF3B47-EA09-4CD0-A6AF-1B6C578EF83E}.Ad-Hoc|iPhoneSimulator.ActiveCfg = Release|Any CPU
		{95CF3B47-EA09-4CD0-A6AF-1B6C578EF83E}.Ad-Hoc|iPhoneSimulator.Build.0 = Release|Any CPU
		{95CF3B47-EA09-4CD0-A6AF-1B6C578EF83E}.Ad-Hoc|iPhoneSimulator.Deploy.0 = Release|Any CPU
		{95CF3B47-EA09-4CD0-A6AF-1B6C578EF83E}.Ad-Hoc|x86.ActiveCfg = Release|Any CPU
		{95CF3B47-EA09-4CD0-A6AF-1B6C578EF83E}.Ad-Hoc|x86.Build.0 = Release|Any CPU
		{95CF3B47-EA09-4CD0-A6AF-1B6C578EF83E}.Ad-Hoc|x86.Deploy.0 = Release|Any CPU
		{95CF3B47-EA09-4CD0-A6AF-1B6C578EF83E}.AppStore|Any CPU.ActiveCfg = Release|Any CPU
		{95CF3B47-EA09-4CD0-A6AF-1B6C578EF83E}.AppStore|Any CPU.Build.0 = Release|Any CPU
		{95CF3B47-EA09-4CD0-A6AF-1B6C578EF83E}.AppStore|Any CPU.Deploy.0 = Release|Any CPU
		{95CF3B47-EA09-4CD0-A6AF-1B6C578EF83E}.AppStore|ARM.ActiveCfg = Release|Any CPU
		{95CF3B47-EA09-4CD0-A6AF-1B6C578EF83E}.AppStore|ARM.Build.0 = Release|Any CPU
		{95CF3B47-EA09-4CD0-A6AF-1B6C578EF83E}.AppStore|ARM.Deploy.0 = Release|Any CPU
		{95CF3B47-EA09-4CD0-A6AF-1B6C578EF83E}.AppStore|iPhone.ActiveCfg = Release|Any CPU
		{95CF3B47-EA09-4CD0-A6AF-1B6C578EF83E}.AppStore|iPhone.Build.0 = Release|Any CPU
		{95CF3B47-EA09-4CD0-A6AF-1B6C578EF83E}.AppStore|iPhone.Deploy.0 = Release|Any CPU
		{95CF3B47-EA09-4CD0-A6AF-1B6C578EF83E}.AppStore|iPhoneSimulator.ActiveCfg = Release|Any CPU
		{95CF3B47-EA09-4CD0-A6AF-1B6C578EF83E}.AppStore|iPhoneSimulator.Build.0 = Release|Any CPU
		{95CF3B47-EA09-4CD0-A6AF-1B6C578EF83E}.AppStore|iPhoneSimulator.Deploy.0 = Release|Any CPU
		{95CF3B47-EA09-4CD0-A6AF-1B6C578EF83E}.AppStore|x86.ActiveCfg = Release|Any CPU
		{95CF3B47-EA09-4CD0-A6AF-1B6C578EF83E}.AppStore|x86.Build.0 = Release|Any CPU
		{95CF3B47-EA09-4CD0-A6AF-1B6C578EF83E}.AppStore|x86.Deploy.0 = Release|Any CPU
		{95CF3B47-EA09-4CD0-A6AF-1B6C578EF83E}.Debug|Any CPU.ActiveCfg = Debug|Any CPU
		{95CF3B47-EA09-4CD0-A6AF-1B6C578EF83E}.Debug|Any CPU.Build.0 = Debug|Any CPU
		{95CF3B47-EA09-4CD0-A6AF-1B6C578EF83E}.Debug|Any CPU.Deploy.0 = Debug|Any CPU
		{95CF3B47-EA09-4CD0-A6AF-1B6C578EF83E}.Debug|ARM.ActiveCfg = Debug|Any CPU
		{95CF3B47-EA09-4CD0-A6AF-1B6C578EF83E}.Debug|ARM.Build.0 = Debug|Any CPU
		{95CF3B47-EA09-4CD0-A6AF-1B6C578EF83E}.Debug|ARM.Deploy.0 = Debug|Any CPU
		{95CF3B47-EA09-4CD0-A6AF-1B6C578EF83E}.Debug|iPhone.ActiveCfg = Debug|Any CPU
		{95CF3B47-EA09-4CD0-A6AF-1B6C578EF83E}.Debug|iPhone.Build.0 = Debug|Any CPU
		{95CF3B47-EA09-4CD0-A6AF-1B6C578EF83E}.Debug|iPhone.Deploy.0 = Debug|Any CPU
		{95CF3B47-EA09-4CD0-A6AF-1B6C578EF83E}.Debug|iPhoneSimulator.ActiveCfg = Debug|Any CPU
		{95CF3B47-EA09-4CD0-A6AF-1B6C578EF83E}.Debug|iPhoneSimulator.Build.0 = Debug|Any CPU
		{95CF3B47-EA09-4CD0-A6AF-1B6C578EF83E}.Debug|iPhoneSimulator.Deploy.0 = Debug|Any CPU
		{95CF3B47-EA09-4CD0-A6AF-1B6C578EF83E}.Debug|x86.ActiveCfg = Debug|Any CPU
		{95CF3B47-EA09-4CD0-A6AF-1B6C578EF83E}.Debug|x86.Build.0 = Debug|Any CPU
		{95CF3B47-EA09-4CD0-A6AF-1B6C578EF83E}.Debug|x86.Deploy.0 = Debug|Any CPU
		{95CF3B47-EA09-4CD0-A6AF-1B6C578EF83E}.Release|Any CPU.ActiveCfg = Release|Any CPU
		{95CF3B47-EA09-4CD0-A6AF-1B6C578EF83E}.Release|Any CPU.Build.0 = Release|Any CPU
		{95CF3B47-EA09-4CD0-A6AF-1B6C578EF83E}.Release|Any CPU.Deploy.0 = Release|Any CPU
		{95CF3B47-EA09-4CD0-A6AF-1B6C578EF83E}.Release|ARM.ActiveCfg = Release|Any CPU
		{95CF3B47-EA09-4CD0-A6AF-1B6C578EF83E}.Release|ARM.Build.0 = Release|Any CPU
		{95CF3B47-EA09-4CD0-A6AF-1B6C578EF83E}.Release|ARM.Deploy.0 = Release|Any CPU
		{95CF3B47-EA09-4CD0-A6AF-1B6C578EF83E}.Release|iPhone.ActiveCfg = Release|Any CPU
		{95CF3B47-EA09-4CD0-A6AF-1B6C578EF83E}.Release|iPhone.Build.0 = Release|Any CPU
		{95CF3B47-EA09-4CD0-A6AF-1B6C578EF83E}.Release|iPhone.Deploy.0 = Release|Any CPU
		{95CF3B47-EA09-4CD0-A6AF-1B6C578EF83E}.Release|iPhoneSimulator.ActiveCfg = Release|Any CPU
		{95CF3B47-EA09-4CD0-A6AF-1B6C578EF83E}.Release|iPhoneSimulator.Build.0 = Release|Any CPU
		{95CF3B47-EA09-4CD0-A6AF-1B6C578EF83E}.Release|iPhoneSimulator.Deploy.0 = Release|Any CPU
		{95CF3B47-EA09-4CD0-A6AF-1B6C578EF83E}.Release|x86.ActiveCfg = Release|Any CPU
		{95CF3B47-EA09-4CD0-A6AF-1B6C578EF83E}.Release|x86.Build.0 = Release|Any CPU
		{95CF3B47-EA09-4CD0-A6AF-1B6C578EF83E}.Release|x86.Deploy.0 = Release|Any CPU
		{93F6C38C-BAEA-4E59-B6DF-3F03E81AEC7D}.Ad-Hoc|Any CPU.ActiveCfg = Release|Any CPU
		{93F6C38C-BAEA-4E59-B6DF-3F03E81AEC7D}.Ad-Hoc|Any CPU.Build.0 = Release|Any CPU
		{93F6C38C-BAEA-4E59-B6DF-3F03E81AEC7D}.Ad-Hoc|Any CPU.Deploy.0 = Release|Any CPU
		{93F6C38C-BAEA-4E59-B6DF-3F03E81AEC7D}.Ad-Hoc|ARM.ActiveCfg = Release|ARM
		{93F6C38C-BAEA-4E59-B6DF-3F03E81AEC7D}.Ad-Hoc|ARM.Build.0 = Release|ARM
		{93F6C38C-BAEA-4E59-B6DF-3F03E81AEC7D}.Ad-Hoc|ARM.Deploy.0 = Release|ARM
		{93F6C38C-BAEA-4E59-B6DF-3F03E81AEC7D}.Ad-Hoc|iPhone.ActiveCfg = Release|Any CPU
		{93F6C38C-BAEA-4E59-B6DF-3F03E81AEC7D}.Ad-Hoc|iPhone.Build.0 = Release|Any CPU
		{93F6C38C-BAEA-4E59-B6DF-3F03E81AEC7D}.Ad-Hoc|iPhone.Deploy.0 = Release|Any CPU
		{93F6C38C-BAEA-4E59-B6DF-3F03E81AEC7D}.Ad-Hoc|iPhoneSimulator.ActiveCfg = Release|Any CPU
		{93F6C38C-BAEA-4E59-B6DF-3F03E81AEC7D}.Ad-Hoc|iPhoneSimulator.Build.0 = Release|Any CPU
		{93F6C38C-BAEA-4E59-B6DF-3F03E81AEC7D}.Ad-Hoc|iPhoneSimulator.Deploy.0 = Release|Any CPU
		{93F6C38C-BAEA-4E59-B6DF-3F03E81AEC7D}.Ad-Hoc|x86.ActiveCfg = Release|x86
		{93F6C38C-BAEA-4E59-B6DF-3F03E81AEC7D}.Ad-Hoc|x86.Build.0 = Release|x86
		{93F6C38C-BAEA-4E59-B6DF-3F03E81AEC7D}.Ad-Hoc|x86.Deploy.0 = Release|x86
		{93F6C38C-BAEA-4E59-B6DF-3F03E81AEC7D}.AppStore|Any CPU.ActiveCfg = Release|Any CPU
		{93F6C38C-BAEA-4E59-B6DF-3F03E81AEC7D}.AppStore|Any CPU.Build.0 = Release|Any CPU
		{93F6C38C-BAEA-4E59-B6DF-3F03E81AEC7D}.AppStore|Any CPU.Deploy.0 = Release|Any CPU
		{93F6C38C-BAEA-4E59-B6DF-3F03E81AEC7D}.AppStore|ARM.ActiveCfg = Release|ARM
		{93F6C38C-BAEA-4E59-B6DF-3F03E81AEC7D}.AppStore|ARM.Build.0 = Release|ARM
		{93F6C38C-BAEA-4E59-B6DF-3F03E81AEC7D}.AppStore|ARM.Deploy.0 = Release|ARM
		{93F6C38C-BAEA-4E59-B6DF-3F03E81AEC7D}.AppStore|iPhone.ActiveCfg = Release|Any CPU
		{93F6C38C-BAEA-4E59-B6DF-3F03E81AEC7D}.AppStore|iPhone.Build.0 = Release|Any CPU
		{93F6C38C-BAEA-4E59-B6DF-3F03E81AEC7D}.AppStore|iPhone.Deploy.0 = Release|Any CPU
		{93F6C38C-BAEA-4E59-B6DF-3F03E81AEC7D}.AppStore|iPhoneSimulator.ActiveCfg = Release|Any CPU
		{93F6C38C-BAEA-4E59-B6DF-3F03E81AEC7D}.AppStore|iPhoneSimulator.Build.0 = Release|Any CPU
		{93F6C38C-BAEA-4E59-B6DF-3F03E81AEC7D}.AppStore|iPhoneSimulator.Deploy.0 = Release|Any CPU
		{93F6C38C-BAEA-4E59-B6DF-3F03E81AEC7D}.AppStore|x86.ActiveCfg = Release|x86
		{93F6C38C-BAEA-4E59-B6DF-3F03E81AEC7D}.AppStore|x86.Build.0 = Release|x86
		{93F6C38C-BAEA-4E59-B6DF-3F03E81AEC7D}.AppStore|x86.Deploy.0 = Release|x86
		{93F6C38C-BAEA-4E59-B6DF-3F03E81AEC7D}.Debug|Any CPU.ActiveCfg = Debug|Any CPU
		{93F6C38C-BAEA-4E59-B6DF-3F03E81AEC7D}.Debug|Any CPU.Build.0 = Debug|Any CPU
		{93F6C38C-BAEA-4E59-B6DF-3F03E81AEC7D}.Debug|Any CPU.Deploy.0 = Debug|Any CPU
		{93F6C38C-BAEA-4E59-B6DF-3F03E81AEC7D}.Debug|ARM.ActiveCfg = Debug|ARM
		{93F6C38C-BAEA-4E59-B6DF-3F03E81AEC7D}.Debug|ARM.Build.0 = Debug|ARM
		{93F6C38C-BAEA-4E59-B6DF-3F03E81AEC7D}.Debug|ARM.Deploy.0 = Debug|ARM
		{93F6C38C-BAEA-4E59-B6DF-3F03E81AEC7D}.Debug|iPhone.ActiveCfg = Debug|Any CPU
		{93F6C38C-BAEA-4E59-B6DF-3F03E81AEC7D}.Debug|iPhone.Build.0 = Debug|Any CPU
		{93F6C38C-BAEA-4E59-B6DF-3F03E81AEC7D}.Debug|iPhone.Deploy.0 = Debug|Any CPU
		{93F6C38C-BAEA-4E59-B6DF-3F03E81AEC7D}.Debug|iPhoneSimulator.ActiveCfg = Debug|Any CPU
		{93F6C38C-BAEA-4E59-B6DF-3F03E81AEC7D}.Debug|iPhoneSimulator.Build.0 = Debug|Any CPU
		{93F6C38C-BAEA-4E59-B6DF-3F03E81AEC7D}.Debug|iPhoneSimulator.Deploy.0 = Debug|Any CPU
		{93F6C38C-BAEA-4E59-B6DF-3F03E81AEC7D}.Debug|x86.ActiveCfg = Debug|x86
		{93F6C38C-BAEA-4E59-B6DF-3F03E81AEC7D}.Debug|x86.Build.0 = Debug|x86
		{93F6C38C-BAEA-4E59-B6DF-3F03E81AEC7D}.Debug|x86.Deploy.0 = Debug|x86
		{93F6C38C-BAEA-4E59-B6DF-3F03E81AEC7D}.Release|Any CPU.ActiveCfg = Release|Any CPU
		{93F6C38C-BAEA-4E59-B6DF-3F03E81AEC7D}.Release|Any CPU.Build.0 = Release|Any CPU
		{93F6C38C-BAEA-4E59-B6DF-3F03E81AEC7D}.Release|Any CPU.Deploy.0 = Release|Any CPU
		{93F6C38C-BAEA-4E59-B6DF-3F03E81AEC7D}.Release|ARM.ActiveCfg = Release|ARM
		{93F6C38C-BAEA-4E59-B6DF-3F03E81AEC7D}.Release|ARM.Build.0 = Release|ARM
		{93F6C38C-BAEA-4E59-B6DF-3F03E81AEC7D}.Release|ARM.Deploy.0 = Release|ARM
		{93F6C38C-BAEA-4E59-B6DF-3F03E81AEC7D}.Release|iPhone.ActiveCfg = Release|Any CPU
		{93F6C38C-BAEA-4E59-B6DF-3F03E81AEC7D}.Release|iPhone.Build.0 = Release|Any CPU
		{93F6C38C-BAEA-4E59-B6DF-3F03E81AEC7D}.Release|iPhone.Deploy.0 = Release|Any CPU
		{93F6C38C-BAEA-4E59-B6DF-3F03E81AEC7D}.Release|iPhoneSimulator.ActiveCfg = Release|Any CPU
		{93F6C38C-BAEA-4E59-B6DF-3F03E81AEC7D}.Release|iPhoneSimulator.Build.0 = Release|Any CPU
		{93F6C38C-BAEA-4E59-B6DF-3F03E81AEC7D}.Release|iPhoneSimulator.Deploy.0 = Release|Any CPU
		{93F6C38C-BAEA-4E59-B6DF-3F03E81AEC7D}.Release|x86.ActiveCfg = Release|x86
		{93F6C38C-BAEA-4E59-B6DF-3F03E81AEC7D}.Release|x86.Build.0 = Release|x86
		{93F6C38C-BAEA-4E59-B6DF-3F03E81AEC7D}.Release|x86.Deploy.0 = Release|x86
		{3DBDA9BF-E8D8-49DB-ADC7-14B7214DD482}.Ad-Hoc|Any CPU.ActiveCfg = Release|Any CPU
		{3DBDA9BF-E8D8-49DB-ADC7-14B7214DD482}.Ad-Hoc|Any CPU.Build.0 = Release|Any CPU
		{3DBDA9BF-E8D8-49DB-ADC7-14B7214DD482}.Ad-Hoc|ARM.ActiveCfg = Release|Any CPU
		{3DBDA9BF-E8D8-49DB-ADC7-14B7214DD482}.Ad-Hoc|ARM.Build.0 = Release|Any CPU
		{3DBDA9BF-E8D8-49DB-ADC7-14B7214DD482}.Ad-Hoc|iPhone.ActiveCfg = Release|Any CPU
		{3DBDA9BF-E8D8-49DB-ADC7-14B7214DD482}.Ad-Hoc|iPhone.Build.0 = Release|Any CPU
		{3DBDA9BF-E8D8-49DB-ADC7-14B7214DD482}.Ad-Hoc|iPhoneSimulator.ActiveCfg = Release|Any CPU
		{3DBDA9BF-E8D8-49DB-ADC7-14B7214DD482}.Ad-Hoc|iPhoneSimulator.Build.0 = Release|Any CPU
		{3DBDA9BF-E8D8-49DB-ADC7-14B7214DD482}.Ad-Hoc|x86.ActiveCfg = Release|Any CPU
		{3DBDA9BF-E8D8-49DB-ADC7-14B7214DD482}.Ad-Hoc|x86.Build.0 = Release|Any CPU
		{3DBDA9BF-E8D8-49DB-ADC7-14B7214DD482}.AppStore|Any CPU.ActiveCfg = Release|Any CPU
		{3DBDA9BF-E8D8-49DB-ADC7-14B7214DD482}.AppStore|Any CPU.Build.0 = Release|Any CPU
		{3DBDA9BF-E8D8-49DB-ADC7-14B7214DD482}.AppStore|ARM.ActiveCfg = Release|Any CPU
		{3DBDA9BF-E8D8-49DB-ADC7-14B7214DD482}.AppStore|ARM.Build.0 = Release|Any CPU
		{3DBDA9BF-E8D8-49DB-ADC7-14B7214DD482}.AppStore|iPhone.ActiveCfg = Release|Any CPU
		{3DBDA9BF-E8D8-49DB-ADC7-14B7214DD482}.AppStore|iPhone.Build.0 = Release|Any CPU
		{3DBDA9BF-E8D8-49DB-ADC7-14B7214DD482}.AppStore|iPhoneSimulator.ActiveCfg = Release|Any CPU
		{3DBDA9BF-E8D8-49DB-ADC7-14B7214DD482}.AppStore|iPhoneSimulator.Build.0 = Release|Any CPU
		{3DBDA9BF-E8D8-49DB-ADC7-14B7214DD482}.AppStore|x86.ActiveCfg = Release|Any CPU
		{3DBDA9BF-E8D8-49DB-ADC7-14B7214DD482}.AppStore|x86.Build.0 = Release|Any CPU
		{3DBDA9BF-E8D8-49DB-ADC7-14B7214DD482}.Debug|Any CPU.ActiveCfg = Debug|Any CPU
		{3DBDA9BF-E8D8-49DB-ADC7-14B7214DD482}.Debug|Any CPU.Build.0 = Debug|Any CPU
		{3DBDA9BF-E8D8-49DB-ADC7-14B7214DD482}.Debug|ARM.ActiveCfg = Debug|Any CPU
		{3DBDA9BF-E8D8-49DB-ADC7-14B7214DD482}.Debug|ARM.Build.0 = Debug|Any CPU
		{3DBDA9BF-E8D8-49DB-ADC7-14B7214DD482}.Debug|iPhone.ActiveCfg = Debug|Any CPU
		{3DBDA9BF-E8D8-49DB-ADC7-14B7214DD482}.Debug|iPhone.Build.0 = Debug|Any CPU
		{3DBDA9BF-E8D8-49DB-ADC7-14B7214DD482}.Debug|iPhoneSimulator.ActiveCfg = Debug|Any CPU
		{3DBDA9BF-E8D8-49DB-ADC7-14B7214DD482}.Debug|iPhoneSimulator.Build.0 = Debug|Any CPU
		{3DBDA9BF-E8D8-49DB-ADC7-14B7214DD482}.Debug|x86.ActiveCfg = Debug|Any CPU
		{3DBDA9BF-E8D8-49DB-ADC7-14B7214DD482}.Debug|x86.Build.0 = Debug|Any CPU
		{3DBDA9BF-E8D8-49DB-ADC7-14B7214DD482}.Release|Any CPU.ActiveCfg = Release|Any CPU
		{3DBDA9BF-E8D8-49DB-ADC7-14B7214DD482}.Release|Any CPU.Build.0 = Release|Any CPU
		{3DBDA9BF-E8D8-49DB-ADC7-14B7214DD482}.Release|ARM.ActiveCfg = Release|Any CPU
		{3DBDA9BF-E8D8-49DB-ADC7-14B7214DD482}.Release|ARM.Build.0 = Release|Any CPU
		{3DBDA9BF-E8D8-49DB-ADC7-14B7214DD482}.Release|iPhone.ActiveCfg = Release|Any CPU
		{3DBDA9BF-E8D8-49DB-ADC7-14B7214DD482}.Release|iPhone.Build.0 = Release|Any CPU
		{3DBDA9BF-E8D8-49DB-ADC7-14B7214DD482}.Release|iPhoneSimulator.ActiveCfg = Release|Any CPU
		{3DBDA9BF-E8D8-49DB-ADC7-14B7214DD482}.Release|iPhoneSimulator.Build.0 = Release|Any CPU
		{3DBDA9BF-E8D8-49DB-ADC7-14B7214DD482}.Release|x86.ActiveCfg = Release|Any CPU
		{3DBDA9BF-E8D8-49DB-ADC7-14B7214DD482}.Release|x86.Build.0 = Release|Any CPU
	EndGlobalSection
	GlobalSection(SolutionProperties) = preSolution
		HideSolutionNode = FALSE
	EndGlobalSection
	GlobalSection(NestedProjects) = preSolution
		{107D6A6F-28CE-401F-B45E-23EA8CE298AE} = {3A62D1EE-714A-4EC1-99F6-5CE7F50D48A3}
		{E53FD628-1D82-4D79-B8C6-7E711DCC614F} = {3A62D1EE-714A-4EC1-99F6-5CE7F50D48A3}
		{95CF3B47-EA09-4CD0-A6AF-1B6C578EF83E} = {3A62D1EE-714A-4EC1-99F6-5CE7F50D48A3}
		{93F6C38C-BAEA-4E59-B6DF-3F03E81AEC7D} = {3A62D1EE-714A-4EC1-99F6-5CE7F50D48A3}
	EndGlobalSection
EndGlobal
